// !$*UTF8*$!
{
	archiveVersion = 1;
	classes = {
	};
	objectVersion = 56;
	objects = {

/* Begin PBXBuildFile section */
		9D592ED62C5C23BE00C4E2CC /* AppDelegate.swift in Sources */ = {isa = PBXBuildFile; fileRef = 9D592ED52C5C23BE00C4E2CC /* AppDelegate.swift */; };
		9D592ED82C5C23BE00C4E2CC /* SceneDelegate.swift in Sources */ = {isa = PBXBuildFile; fileRef = 9D592ED72C5C23BE00C4E2CC /* SceneDelegate.swift */; };
		9D592EDF2C5C23C100C4E2CC /* Assets.xcassets in Resources */ = {isa = PBXBuildFile; fileRef = 9D592EDE2C5C23C100C4E2CC /* Assets.xcassets */; };
		9D592EE22C5C23C100C4E2CC /* Base in Resources */ = {isa = PBXBuildFile; fileRef = 9D592EE12C5C23C100C4E2CC /* Base */; };
		9D592EED2C5D1EF100C4E2CC /* NewsPaperHomeModel.swift in Sources */ = {isa = PBXBuildFile; fileRef = 9D592EEC2C5D1EF100C4E2CC /* NewsPaperHomeModel.swift */; };
		9D592EEF2C5D1F1000C4E2CC /* MockModel.json in Resources */ = {isa = PBXBuildFile; fileRef = 9D592EEE2C5D1F1000C4E2CC /* MockModel.json */; };
		9D592EF32C5D1F5E00C4E2CC /* NetworkSession.swift in Sources */ = {isa = PBXBuildFile; fileRef = 9D592EF22C5D1F5E00C4E2CC /* NetworkSession.swift */; };
		9D592EF52C5D1F7900C4E2CC /* NetworkErrors.swift in Sources */ = {isa = PBXBuildFile; fileRef = 9D592EF42C5D1F7900C4E2CC /* NetworkErrors.swift */; };
		9D592EF72C5D1FA600C4E2CC /* URLSession+NetwrokSession.swift in Sources */ = {isa = PBXBuildFile; fileRef = 9D592EF62C5D1FA600C4E2CC /* URLSession+NetwrokSession.swift */; };
		9D592EFA2C5D201600C4E2CC /* NewsPaperHomeFactory.swift in Sources */ = {isa = PBXBuildFile; fileRef = 9D592EF92C5D201600C4E2CC /* NewsPaperHomeFactory.swift */; };
		9D592EFC2C5D205700C4E2CC /* NewsPaperHomeService.swift in Sources */ = {isa = PBXBuildFile; fileRef = 9D592EFB2C5D205700C4E2CC /* NewsPaperHomeService.swift */; };
		9D592EFF2C5D210100C4E2CC /* NewsPaperHomeAPI.swift in Sources */ = {isa = PBXBuildFile; fileRef = 9D592EFE2C5D210100C4E2CC /* NewsPaperHomeAPI.swift */; };
		9D592F022C5D22C500C4E2CC /* NewsPaperHomeViewModel.swift in Sources */ = {isa = PBXBuildFile; fileRef = 9D592F012C5D22C500C4E2CC /* NewsPaperHomeViewModel.swift */; };
		9D592F042C5D24CD00C4E2CC /* UIImageView+Extension.swift in Sources */ = {isa = PBXBuildFile; fileRef = 9D592F032C5D24CD00C4E2CC /* UIImageView+Extension.swift */; };
		9D592F072C5D257200C4E2CC /* NewsPaperHomeViewController.swift in Sources */ = {isa = PBXBuildFile; fileRef = 9D592F062C5D257200C4E2CC /* NewsPaperHomeViewController.swift */; };
/* End PBXBuildFile section */

/* Begin PBXFileReference section */
		9D592ED22C5C23BE00C4E2CC /* Augment.app */ = {isa = PBXFileReference; explicitFileType = wrapper.application; includeInIndex = 0; path = Augment.app; sourceTree = BUILT_PRODUCTS_DIR; };
		9D592ED52C5C23BE00C4E2CC /* AppDelegate.swift */ = {isa = PBXFileReference; lastKnownFileType = sourcecode.swift; path = AppDelegate.swift; sourceTree = "<group>"; };
		9D592ED72C5C23BE00C4E2CC /* SceneDelegate.swift */ = {isa = PBXFileReference; lastKnownFileType = sourcecode.swift; path = SceneDelegate.swift; sourceTree = "<group>"; };
		9D592EDE2C5C23C100C4E2CC /* Assets.xcassets */ = {isa = PBXFileReference; lastKnownFileType = folder.assetcatalog; path = Assets.xcassets; sourceTree = "<group>"; };
		9D592EE12C5C23C100C4E2CC /* Base */ = {isa = PBXFileReference; lastKnownFileType = file.storyboard; name = Base; path = Base.lproj/LaunchScreen.storyboard; sourceTree = "<group>"; };
		9D592EE32C5C23C100C4E2CC /* Info.plist */ = {isa = PBXFileReference; lastKnownFileType = text.plist.xml; path = Info.plist; sourceTree = "<group>"; };
		9D592EEC2C5D1EF100C4E2CC /* NewsPaperHomeModel.swift */ = {isa = PBXFileReference; lastKnownFileType = sourcecode.swift; path = NewsPaperHomeModel.swift; sourceTree = "<group>"; };
		9D592EEE2C5D1F1000C4E2CC /* MockModel.json */ = {isa = PBXFileReference; fileEncoding = 4; lastKnownFileType = text.json; name = MockModel.json; path = Augment/Scenes/Service/MockModel.json; sourceTree = SOURCE_ROOT; };
		9D592EF22C5D1F5E00C4E2CC /* NetworkSession.swift */ = {isa = PBXFileReference; lastKnownFileType = sourcecode.swift; path = NetworkSession.swift; sourceTree = "<group>"; };
		9D592EF42C5D1F7900C4E2CC /* NetworkErrors.swift */ = {isa = PBXFileReference; lastKnownFileType = sourcecode.swift; path = NetworkErrors.swift; sourceTree = "<group>"; };
		9D592EF62C5D1FA600C4E2CC /* URLSession+NetwrokSession.swift */ = {isa = PBXFileReference; lastKnownFileType = sourcecode.swift; path = "URLSession+NetwrokSession.swift"; sourceTree = "<group>"; };
		9D592EF92C5D201600C4E2CC /* NewsPaperHomeFactory.swift */ = {isa = PBXFileReference; lastKnownFileType = sourcecode.swift; path = NewsPaperHomeFactory.swift; sourceTree = "<group>"; };
		9D592EFB2C5D205700C4E2CC /* NewsPaperHomeService.swift */ = {isa = PBXFileReference; lastKnownFileType = sourcecode.swift; path = NewsPaperHomeService.swift; sourceTree = "<group>"; };
		9D592EFE2C5D210100C4E2CC /* NewsPaperHomeAPI.swift */ = {isa = PBXFileReference; lastKnownFileType = sourcecode.swift; path = NewsPaperHomeAPI.swift; sourceTree = "<group>"; };
		9D592F012C5D22C500C4E2CC /* NewsPaperHomeViewModel.swift */ = {isa = PBXFileReference; lastKnownFileType = sourcecode.swift; path = NewsPaperHomeViewModel.swift; sourceTree = "<group>"; };
		9D592F032C5D24CD00C4E2CC /* UIImageView+Extension.swift */ = {isa = PBXFileReference; lastKnownFileType = sourcecode.swift; path = "UIImageView+Extension.swift"; sourceTree = "<group>"; };
		9D592F062C5D257200C4E2CC /* NewsPaperHomeViewController.swift */ = {isa = PBXFileReference; lastKnownFileType = sourcecode.swift; path = NewsPaperHomeViewController.swift; sourceTree = "<group>"; };
/* End PBXFileReference section */

/* Begin PBXFrameworksBuildPhase section */
		9D592ECF2C5C23BE00C4E2CC /* Frameworks */ = {
			isa = PBXFrameworksBuildPhase;
			buildActionMask = 2147483647;
			files = (
			);
			runOnlyForDeploymentPostprocessing = 0;
		};
/* End PBXFrameworksBuildPhase section */

/* Begin PBXGroup section */
		9D592EC92C5C23BE00C4E2CC = {
			isa = PBXGroup;
			children = (
				9D592ED42C5C23BE00C4E2CC /* Augment */,
				9D592ED32C5C23BE00C4E2CC /* Products */,
			);
			sourceTree = "<group>";
		};
		9D592ED32C5C23BE00C4E2CC /* Products */ = {
			isa = PBXGroup;
			children = (
				9D592ED22C5C23BE00C4E2CC /* Augment.app */,
			);
			name = Products;
			sourceTree = "<group>";
		};
		9D592ED42C5C23BE00C4E2CC /* Augment */ = {
			isa = PBXGroup;
			children = (
				9D592EF82C5D1FCE00C4E2CC /* Scenes */,
				9D592EF12C5D1F4C00C4E2CC /* Extensions */,
				9D592EF02C5D1F4500C4E2CC /* Network */,
				9D592ED52C5C23BE00C4E2CC /* AppDelegate.swift */,
				9D592ED72C5C23BE00C4E2CC /* SceneDelegate.swift */,
				9D592EDE2C5C23C100C4E2CC /* Assets.xcassets */,
				9D592EE02C5C23C100C4E2CC /* LaunchScreen.storyboard */,
				9D592EE32C5C23C100C4E2CC /* Info.plist */,
			);
			path = Augment;
			sourceTree = "<group>";
		};
		9D592EF02C5D1F4500C4E2CC /* Network */ = {
			isa = PBXGroup;
			children = (
				9D592EF22C5D1F5E00C4E2CC /* NetworkSession.swift */,
				9D592EF42C5D1F7900C4E2CC /* NetworkErrors.swift */,
			);
			path = Network;
			sourceTree = "<group>";
		};
		9D592EF12C5D1F4C00C4E2CC /* Extensions */ = {
			isa = PBXGroup;
			children = (
				9D592EF62C5D1FA600C4E2CC /* URLSession+NetwrokSession.swift */,
				9D592F032C5D24CD00C4E2CC /* UIImageView+Extension.swift */,
			);
			path = Extensions;
			sourceTree = "<group>";
		};
		9D592EF82C5D1FCE00C4E2CC /* Scenes */ = {
			isa = PBXGroup;
			children = (
				9D592F052C5D256300C4E2CC /* View */,
				9D592F002C5D22BB00C4E2CC /* ViewModel */,
				9D592EFD2C5D20C200C4E2CC /* Service */,
				9D592EF92C5D201600C4E2CC /* NewsPaperHomeFactory.swift */,
			);
			path = Scenes;
			sourceTree = "<group>";
		};
		9D592EFD2C5D20C200C4E2CC /* Service */ = {
			isa = PBXGroup;
			children = (
				9D592EEE2C5D1F1000C4E2CC /* MockModel.json */,
				9D592EEC2C5D1EF100C4E2CC /* NewsPaperHomeModel.swift */,
				9D592EFB2C5D205700C4E2CC /* NewsPaperHomeService.swift */,
				9D592EFE2C5D210100C4E2CC /* NewsPaperHomeAPI.swift */,
			);
			path = Service;
			sourceTree = "<group>";
		};
		9D592F002C5D22BB00C4E2CC /* ViewModel */ = {
			isa = PBXGroup;
			children = (
				9D592F012C5D22C500C4E2CC /* NewsPaperHomeViewModel.swift */,
			);
			path = ViewModel;
			sourceTree = "<group>";
		};
		9D592F052C5D256300C4E2CC /* View */ = {
			isa = PBXGroup;
			children = (
				9D592F062C5D257200C4E2CC /* NewsPaperHomeViewController.swift */,
			);
			path = View;
			sourceTree = "<group>";
		};
/* End PBXGroup section */

/* Begin PBXNativeTarget section */
		9D592ED12C5C23BE00C4E2CC /* Augment */ = {
			isa = PBXNativeTarget;
			buildConfigurationList = 9D592EE62C5C23C100C4E2CC /* Build configuration list for PBXNativeTarget "Augment" */;
			buildPhases = (
				9D592ECE2C5C23BE00C4E2CC /* Sources */,
				9D592ECF2C5C23BE00C4E2CC /* Frameworks */,
				9D592ED02C5C23BE00C4E2CC /* Resources */,
			);
			buildRules = (
			);
			dependencies = (
			);
			name = Augment;
			productName = Augment;
			productReference = 9D592ED22C5C23BE00C4E2CC /* Augment.app */;
			productType = "com.apple.product-type.application";
		};
/* End PBXNativeTarget section */

/* Begin PBXProject section */
		9D592ECA2C5C23BE00C4E2CC /* Project object */ = {
			isa = PBXProject;
			attributes = {
				BuildIndependentTargetsInParallel = 1;
				LastSwiftUpdateCheck = 1540;
				LastUpgradeCheck = 1540;
				TargetAttributes = {
					9D592ED12C5C23BE00C4E2CC = {
						CreatedOnToolsVersion = 15.4;
					};
				};
			};
			buildConfigurationList = 9D592ECD2C5C23BE00C4E2CC /* Build configuration list for PBXProject "Augment" */;
			compatibilityVersion = "Xcode 14.0";
			developmentRegion = en;
			hasScannedForEncodings = 0;
			knownRegions = (
				en,
				Base,
			);
			mainGroup = 9D592EC92C5C23BE00C4E2CC;
			productRefGroup = 9D592ED32C5C23BE00C4E2CC /* Products */;
			projectDirPath = "";
			projectRoot = "";
			targets = (
				9D592ED12C5C23BE00C4E2CC /* Augment */,
			);
		};
/* End PBXProject section */

/* Begin PBXResourcesBuildPhase section */
		9D592ED02C5C23BE00C4E2CC /* Resources */ = {
			isa = PBXResourcesBuildPhase;
			buildActionMask = 2147483647;
			files = (
				9D592EEF2C5D1F1000C4E2CC /* MockModel.json in Resources */,
				9D592EDF2C5C23C100C4E2CC /* Assets.xcassets in Resources */,
				9D592EE22C5C23C100C4E2CC /* Base in Resources */,
			);
			runOnlyForDeploymentPostprocessing = 0;
		};
/* End PBXResourcesBuildPhase section */

/* Begin PBXSourcesBuildPhase section */
		9D592ECE2C5C23BE00C4E2CC /* Sources */ = {
			isa = PBXSourcesBuildPhase;
			buildActionMask = 2147483647;
			files = (
				9D592EF72C5D1FA600C4E2CC /* URLSession+NetwrokSession.swift in Sources */,
				9D592EF32C5D1F5E00C4E2CC /* NetworkSession.swift in Sources */,
				9D592F072C5D257200C4E2CC /* NewsPaperHomeViewController.swift in Sources */,
				9D592EFA2C5D201600C4E2CC /* NewsPaperHomeFactory.swift in Sources */,
				9D592ED62C5C23BE00C4E2CC /* AppDelegate.swift in Sources */,
				9D592ED82C5C23BE00C4E2CC /* SceneDelegate.swift in Sources */,
				9D592F042C5D24CD00C4E2CC /* UIImageView+Extension.swift in Sources */,
				9D592EED2C5D1EF100C4E2CC /* NewsPaperHomeModel.swift in Sources */,
				9D592EF52C5D1F7900C4E2CC /* NetworkErrors.swift in Sources */,
				9D592F022C5D22C500C4E2CC /* NewsPaperHomeViewModel.swift in Sources */,
				9D592EFC2C5D205700C4E2CC /* NewsPaperHomeService.swift in Sources */,
				9D592EFF2C5D210100C4E2CC /* NewsPaperHomeAPI.swift in Sources */,
			);
			runOnlyForDeploymentPostprocessing = 0;
		};
/* End PBXSourcesBuildPhase section */

/* Begin PBXVariantGroup section */
		9D592EE02C5C23C100C4E2CC /* LaunchScreen.storyboard */ = {
			isa = PBXVariantGroup;
			children = (
				9D592EE12C5C23C100C4E2CC /* Base */,
			);
			name = LaunchScreen.storyboard;
			sourceTree = "<group>";
		};
/* End PBXVariantGroup section */

/* Begin XCBuildConfiguration section */
		9D592EE42C5C23C100C4E2CC /* Debug */ = {
			isa = XCBuildConfiguration;
			buildSettings = {
				ALWAYS_SEARCH_USER_PATHS = NO;
				ASSETCATALOG_COMPILER_GENERATE_SWIFT_ASSET_SYMBOL_EXTENSIONS = YES;
				CLANG_ANALYZER_NONNULL = YES;
				CLANG_ANALYZER_NUMBER_OBJECT_CONVERSION = YES_AGGRESSIVE;
				CLANG_CXX_LANGUAGE_STANDARD = "gnu++20";
				CLANG_ENABLE_MODULES = YES;
				CLANG_ENABLE_OBJC_ARC = YES;
				CLANG_ENABLE_OBJC_WEAK = YES;
				CLANG_WARN_BLOCK_CAPTURE_AUTORELEASING = YES;
				CLANG_WARN_BOOL_CONVERSION = YES;
				CLANG_WARN_COMMA = YES;
				CLANG_WARN_CONSTANT_CONVERSION = YES;
				CLANG_WARN_DEPRECATED_OBJC_IMPLEMENTATIONS = YES;
				CLANG_WARN_DIRECT_OBJC_ISA_USAGE = YES_ERROR;
				CLANG_WARN_DOCUMENTATION_COMMENTS = YES;
				CLANG_WARN_EMPTY_BODY = YES;
				CLANG_WARN_ENUM_CONVERSION = YES;
				CLANG_WARN_INFINITE_RECURSION = YES;
				CLANG_WARN_INT_CONVERSION = YES;
				CLANG_WARN_NON_LITERAL_NULL_CONVERSION = YES;
				CLANG_WARN_OBJC_IMPLICIT_RETAIN_SELF = YES;
				CLANG_WARN_OBJC_LITERAL_CONVERSION = YES;
				CLANG_WARN_OBJC_ROOT_CLASS = YES_ERROR;
				CLANG_WARN_QUOTED_INCLUDE_IN_FRAMEWORK_HEADER = YES;
				CLANG_WARN_RANGE_LOOP_ANALYSIS = YES;
				CLANG_WARN_STRICT_PROTOTYPES = YES;
				CLANG_WARN_SUSPICIOUS_MOVE = YES;
				CLANG_WARN_UNGUARDED_AVAILABILITY = YES_AGGRESSIVE;
				CLANG_WARN_UNREACHABLE_CODE = YES;
				CLANG_WARN__DUPLICATE_METHOD_MATCH = YES;
				COPY_PHASE_STRIP = NO;
				DEBUG_INFORMATION_FORMAT = dwarf;
				ENABLE_STRICT_OBJC_MSGSEND = YES;
				ENABLE_TESTABILITY = YES;
				ENABLE_USER_SCRIPT_SANDBOXING = YES;
				GCC_C_LANGUAGE_STANDARD = gnu17;
				GCC_DYNAMIC_NO_PIC = NO;
				GCC_NO_COMMON_BLOCKS = YES;
				GCC_OPTIMIZATION_LEVEL = 0;
				GCC_PREPROCESSOR_DEFINITIONS = (
					"DEBUG=1",
					"$(inherited)",
				);
				GCC_WARN_64_TO_32_BIT_CONVERSION = YES;
				GCC_WARN_ABOUT_RETURN_TYPE = YES_ERROR;
				GCC_WARN_UNDECLARED_SELECTOR = YES;
				GCC_WARN_UNINITIALIZED_AUTOS = YES_AGGRESSIVE;
				GCC_WARN_UNUSED_FUNCTION = YES;
				GCC_WARN_UNUSED_VARIABLE = YES;
				IPHONEOS_DEPLOYMENT_TARGET = 17.5;
				LOCALIZATION_PREFERS_STRING_CATALOGS = YES;
				MTL_ENABLE_DEBUG_INFO = INCLUDE_SOURCE;
				MTL_FAST_MATH = YES;
				ONLY_ACTIVE_ARCH = YES;
				SDKROOT = iphoneos;
				SWIFT_ACTIVE_COMPILATION_CONDITIONS = "DEBUG $(inherited)";
				SWIFT_OPTIMIZATION_LEVEL = "-Onone";
			};
			name = Debug;
		};
		9D592EE52C5C23C100C4E2CC /* Release */ = {
			isa = XCBuildConfiguration;
			buildSettings = {
				ALWAYS_SEARCH_USER_PATHS = NO;
				ASSETCATALOG_COMPILER_GENERATE_SWIFT_ASSET_SYMBOL_EXTENSIONS = YES;
				CLANG_ANALYZER_NONNULL = YES;
				CLANG_ANALYZER_NUMBER_OBJECT_CONVERSION = YES_AGGRESSIVE;
				CLANG_CXX_LANGUAGE_STANDARD = "gnu++20";
				CLANG_ENABLE_MODULES = YES;
				CLANG_ENABLE_OBJC_ARC = YES;
				CLANG_ENABLE_OBJC_WEAK = YES;
				CLANG_WARN_BLOCK_CAPTURE_AUTORELEASING = YES;
				CLANG_WARN_BOOL_CONVERSION = YES;
				CLANG_WARN_COMMA = YES;
				CLANG_WARN_CONSTANT_CONVERSION = YES;
				CLANG_WARN_DEPRECATED_OBJC_IMPLEMENTATIONS = YES;
				CLANG_WARN_DIRECT_OBJC_ISA_USAGE = YES_ERROR;
				CLANG_WARN_DOCUMENTATION_COMMENTS = YES;
				CLANG_WARN_EMPTY_BODY = YES;
				CLANG_WARN_ENUM_CONVERSION = YES;
				CLANG_WARN_INFINITE_RECURSION = YES;
				CLANG_WARN_INT_CONVERSION = YES;
				CLANG_WARN_NON_LITERAL_NULL_CONVERSION = YES;
				CLANG_WARN_OBJC_IMPLICIT_RETAIN_SELF = YES;
				CLANG_WARN_OBJC_LITERAL_CONVERSION = YES;
				CLANG_WARN_OBJC_ROOT_CLASS = YES_ERROR;
				CLANG_WARN_QUOTED_INCLUDE_IN_FRAMEWORK_HEADER = YES;
				CLANG_WARN_RANGE_LOOP_ANALYSIS = YES;
				CLANG_WARN_STRICT_PROTOTYPES = YES;
				CLANG_WARN_SUSPICIOUS_MOVE = YES;
				CLANG_WARN_UNGUARDED_AVAILABILITY = YES_AGGRESSIVE;
				CLANG_WARN_UNREACHABLE_CODE = YES;
				CLANG_WARN__DUPLICATE_METHOD_MATCH = YES;
				COPY_PHASE_STRIP = NO;
				DEBUG_INFORMATION_FORMAT = "dwarf-with-dsym";
				ENABLE_NS_ASSERTIONS = NO;
				ENABLE_STRICT_OBJC_MSGSEND = YES;
				ENABLE_USER_SCRIPT_SANDBOXING = YES;
				GCC_C_LANGUAGE_STANDARD = gnu17;
				GCC_NO_COMMON_BLOCKS = YES;
				GCC_WARN_64_TO_32_BIT_CONVERSION = YES;
				GCC_WARN_ABOUT_RETURN_TYPE = YES_ERROR;
				GCC_WARN_UNDECLARED_SELECTOR = YES;
				GCC_WARN_UNINITIALIZED_AUTOS = YES_AGGRESSIVE;
				GCC_WARN_UNUSED_FUNCTION = YES;
				GCC_WARN_UNUSED_VARIABLE = YES;
				IPHONEOS_DEPLOYMENT_TARGET = 17.5;
				LOCALIZATION_PREFERS_STRING_CATALOGS = YES;
				MTL_ENABLE_DEBUG_INFO = NO;
				MTL_FAST_MATH = YES;
				SDKROOT = iphoneos;
				SWIFT_COMPILATION_MODE = wholemodule;
				VALIDATE_PRODUCT = YES;
			};
			name = Release;
		};
		9D592EE72C5C23C100C4E2CC /* Debug */ = {
			isa = XCBuildConfiguration;
			buildSettings = {
				ASSETCATALOG_COMPILER_APPICON_NAME = AppIcon;
				ASSETCATALOG_COMPILER_GLOBAL_ACCENT_COLOR_NAME = AccentColor;
				CODE_SIGN_STYLE = Automatic;
				CURRENT_PROJECT_VERSION = 1;
				DEVELOPMENT_TEAM = T2Q6YQFS79;
				GENERATE_INFOPLIST_FILE = YES;
				INFOPLIST_FILE = Augment/Info.plist;
				INFOPLIST_KEY_UIApplicationSupportsIndirectInputEvents = YES;
				INFOPLIST_KEY_UILaunchStoryboardName = LaunchScreen;
				INFOPLIST_KEY_UISupportedInterfaceOrientations_iPad = "UIInterfaceOrientationPortrait UIInterfaceOrientationPortraitUpsideDown UIInterfaceOrientationLandscapeLeft UIInterfaceOrientationLandscapeRight";
				INFOPLIST_KEY_UISupportedInterfaceOrientations_iPhone = "UIInterfaceOrientationPortrait UIInterfaceOrientationLandscapeLeft UIInterfaceOrientationLandscapeRight";
				LD_RUNPATH_SEARCH_PATHS = (
					"$(inherited)",
					"@executable_path/Frameworks",
				);
				MARKETING_VERSION = 1.0;
				PRODUCT_BUNDLE_IDENTIFIER = com.galdinoallan.Augment;
				PRODUCT_NAME = "$(TARGET_NAME)";
				SWIFT_EMIT_LOC_STRINGS = YES;
				SWIFT_VERSION = 5.0;
				TARGETED_DEVICE_FAMILY = "1,2";
			};
			name = Debug;
		};
		9D592EE82C5C23C100C4E2CC /* Release */ = {
			isa = XCBuildConfiguration;
			buildSettings = {
				ASSETCATALOG_COMPILER_APPICON_NAME = AppIcon;
				ASSETCATALOG_COMPILER_GLOBAL_ACCENT_COLOR_NAME = AccentColor;
				CODE_SIGN_STYLE = Automatic;
				CURRENT_PROJECT_VERSION = 1;
				DEVELOPMENT_TEAM = T2Q6YQFS79;
				GENERATE_INFOPLIST_FILE = YES;
				INFOPLIST_FILE = Augment/Info.plist;
				INFOPLIST_KEY_UIApplicationSupportsIndirectInputEvents = YES;
				INFOPLIST_KEY_UILaunchStoryboardName = LaunchScreen;
				INFOPLIST_KEY_UISupportedInterfaceOrientations_iPad = "UIInterfaceOrientationPortrait UIInterfaceOrientationPortraitUpsideDown UIInterfaceOrientationLandscapeLeft UIInterfaceOrientationLandscapeRight";
				INFOPLIST_KEY_UISupportedInterfaceOrientations_iPhone = "UIInterfaceOrientationPortrait UIInterfaceOrientationLandscapeLeft UIInterfaceOrientationLandscapeRight";
				LD_RUNPATH_SEARCH_PATHS = (
					"$(inherited)",
					"@executable_path/Frameworks",
				);
				MARKETING_VERSION = 1.0;
				PRODUCT_BUNDLE_IDENTIFIER = com.galdinoallan.Augment;
				PRODUCT_NAME = "$(TARGET_NAME)";
				SWIFT_EMIT_LOC_STRINGS = YES;
				SWIFT_VERSION = 5.0;
				TARGETED_DEVICE_FAMILY = "1,2";
			};
			name = Release;
		};
/* End XCBuildConfiguration section */

/* Begin XCConfigurationList section */
		9D592ECD2C5C23BE00C4E2CC /* Build configuration list for PBXProject "Augment" */ = {
			isa = XCConfigurationList;
			buildConfigurations = (
				9D592EE42C5C23C100C4E2CC /* Debug */,
				9D592EE52C5C23C100C4E2CC /* Release */,
			);
			defaultConfigurationIsVisible = 0;
			defaultConfigurationName = Release;
		};
		9D592EE62C5C23C100C4E2CC /* Build configuration list for PBXNativeTarget "Augment" */ = {
			isa = XCConfigurationList;
			buildConfigurations = (
				9D592EE72C5C23C100C4E2CC /* Debug */,
				9D592EE82C5C23C100C4E2CC /* Release */,
			);
			defaultConfigurationIsVisible = 0;
			defaultConfigurationName = Release;
		};
/* End XCConfigurationList section */
	};
	rootObject = 9D592ECA2C5C23BE00C4E2CC /* Project object */;
}
